// !$*UTF8*$!
{
	archiveVersion = 1;
	classes = {
	};
	objectVersion = 50;
	objects = {

/* Begin PBXBuildFile section */
		9F603CC32236C25700C6F73A /* AppDelegate.swift in Sources */ = {isa = PBXBuildFile; fileRef = 9F603CC22236C25700C6F73A /* AppDelegate.swift */; };
		9F603CC52236C25700C6F73A /* ViewController.swift in Sources */ = {isa = PBXBuildFile; fileRef = 9F603CC42236C25700C6F73A /* ViewController.swift */; };
		9F603CC82236C25700C6F73A /* Main.storyboard in Resources */ = {isa = PBXBuildFile; fileRef = 9F603CC62236C25700C6F73A /* Main.storyboard */; };
		9F603CCB2236C25700C6F73A /* MovieApp.xcdatamodeld in Sources */ = {isa = PBXBuildFile; fileRef = 9F603CC92236C25700C6F73A /* MovieApp.xcdatamodeld */; };
		9F603CCD2236C25800C6F73A /* Assets.xcassets in Resources */ = {isa = PBXBuildFile; fileRef = 9F603CCC2236C25800C6F73A /* Assets.xcassets */; };
		9F603CD02236C25800C6F73A /* LaunchScreen.storyboard in Resources */ = {isa = PBXBuildFile; fileRef = 9F603CCE2236C25800C6F73A /* LaunchScreen.storyboard */; };
		9F603CD92236C49600C6F73A /* cell.swift in Sources */ = {isa = PBXBuildFile; fileRef = 9F603CD72236C49600C6F73A /* cell.swift */; };
		9F603CDA2236C49600C6F73A /* cell.xib in Resources */ = {isa = PBXBuildFile; fileRef = 9F603CD82236C49600C6F73A /* cell.xib */; };
		9F610DE4223F9A8C00271003 /* ViewController2.swift in Sources */ = {isa = PBXBuildFile; fileRef = 9F610DE3223F9A8C00271003 /* ViewController2.swift */; };
		9F610DE72240018200271003 /* NetworkManager.swift in Sources */ = {isa = PBXBuildFile; fileRef = 9F610DE62240018200271003 /* NetworkManager.swift */; };
		9F610DE9224001AB00271003 /* TheMovieDB_API.swift in Sources */ = {isa = PBXBuildFile; fileRef = 9F610DE8224001AB00271003 /* TheMovieDB_API.swift */; };
		9F610DEC224001E900271003 /* Movie.swift in Sources */ = {isa = PBXBuildFile; fileRef = 9F610DEB224001E900271003 /* Movie.swift */; };
		9F610DEE2240020C00271003 /* Results.swift in Sources */ = {isa = PBXBuildFile; fileRef = 9F610DED2240020C00271003 /* Results.swift */; };
		9F7672C9226F05FE00F7B671 /* Actor.swift in Sources */ = {isa = PBXBuildFile; fileRef = 9F7672C8226F05FE00F7B671 /* Actor.swift */; };
		9F7672CD226F0C1A00F7B671 /* ActorResults.swift in Sources */ = {isa = PBXBuildFile; fileRef = 9F7672CC226F0C1A00F7B671 /* ActorResults.swift */; };
		9FE967E5224CB73B005F39A7 /* FavoriteMovieModel.swift in Sources */ = {isa = PBXBuildFile; fileRef = 9FE967E4224CB73B005F39A7 /* FavoriteMovieModel.swift */; };
		9FE967E7224CB7BC005F39A7 /* FavoriteMovieItem.swift in Sources */ = {isa = PBXBuildFile; fileRef = 9FE967E6224CB7BC005F39A7 /* FavoriteMovieItem.swift */; };
		D2F3D6A76A4954D8322E86FD /* Pods_MovieApp.framework in Frameworks */ = {isa = PBXBuildFile; fileRef = 724EBF299B11669D587A012D /* Pods_MovieApp.framework */; };
/* End PBXBuildFile section */

/* Begin PBXFileReference section */
		061A33886A5CB4B3172E840A /* Pods-MovieApp.release.xcconfig */ = {isa = PBXFileReference; includeInIndex = 1; lastKnownFileType = text.xcconfig; name = "Pods-MovieApp.release.xcconfig"; path = "Target Support Files/Pods-MovieApp/Pods-MovieApp.release.xcconfig"; sourceTree = "<group>"; };
		724EBF299B11669D587A012D /* Pods_MovieApp.framework */ = {isa = PBXFileReference; explicitFileType = wrapper.framework; includeInIndex = 0; path = Pods_MovieApp.framework; sourceTree = BUILT_PRODUCTS_DIR; };
		9F603CBF2236C25700C6F73A /* MovieApp.app */ = {isa = PBXFileReference; explicitFileType = wrapper.application; includeInIndex = 0; path = MovieApp.app; sourceTree = BUILT_PRODUCTS_DIR; };
		9F603CC22236C25700C6F73A /* AppDelegate.swift */ = {isa = PBXFileReference; lastKnownFileType = sourcecode.swift; path = AppDelegate.swift; sourceTree = "<group>"; };
		9F603CC42236C25700C6F73A /* ViewController.swift */ = {isa = PBXFileReference; lastKnownFileType = sourcecode.swift; path = ViewController.swift; sourceTree = "<group>"; };
		9F603CC72236C25700C6F73A /* Base */ = {isa = PBXFileReference; lastKnownFileType = file.storyboard; name = Base; path = Base.lproj/Main.storyboard; sourceTree = "<group>"; };
		9F603CCA2236C25700C6F73A /* MovieApp.xcdatamodel */ = {isa = PBXFileReference; lastKnownFileType = wrapper.xcdatamodel; path = MovieApp.xcdatamodel; sourceTree = "<group>"; };
		9F603CCC2236C25800C6F73A /* Assets.xcassets */ = {isa = PBXFileReference; lastKnownFileType = folder.assetcatalog; path = Assets.xcassets; sourceTree = "<group>"; };
		9F603CCF2236C25800C6F73A /* Base */ = {isa = PBXFileReference; lastKnownFileType = file.storyboard; name = Base; path = Base.lproj/LaunchScreen.storyboard; sourceTree = "<group>"; };
		9F603CD12236C25800C6F73A /* Info.plist */ = {isa = PBXFileReference; lastKnownFileType = text.plist.xml; path = Info.plist; sourceTree = "<group>"; };
		9F603CD72236C49600C6F73A /* cell.swift */ = {isa = PBXFileReference; lastKnownFileType = sourcecode.swift; path = cell.swift; sourceTree = "<group>"; };
		9F603CD82236C49600C6F73A /* cell.xib */ = {isa = PBXFileReference; lastKnownFileType = file.xib; path = cell.xib; sourceTree = "<group>"; };
		9F610DE3223F9A8C00271003 /* ViewController2.swift */ = {isa = PBXFileReference; lastKnownFileType = sourcecode.swift; path = ViewController2.swift; sourceTree = "<group>"; };
		9F610DE62240018200271003 /* NetworkManager.swift */ = {isa = PBXFileReference; lastKnownFileType = sourcecode.swift; name = NetworkManager.swift; path = MovieApp/NetworkManager.swift; sourceTree = SOURCE_ROOT; };
		9F610DE8224001AB00271003 /* TheMovieDB_API.swift */ = {isa = PBXFileReference; lastKnownFileType = sourcecode.swift; name = TheMovieDB_API.swift; path = MovieApp/TheMovieDB_API.swift; sourceTree = SOURCE_ROOT; };
		9F610DEB224001E900271003 /* Movie.swift */ = {isa = PBXFileReference; lastKnownFileType = sourcecode.swift; path = Movie.swift; sourceTree = "<group>"; };
		9F610DED2240020C00271003 /* Results.swift */ = {isa = PBXFileReference; lastKnownFileType = sourcecode.swift; path = Results.swift; sourceTree = "<group>"; };
		9F7672C8226F05FE00F7B671 /* Actor.swift */ = {isa = PBXFileReference; lastKnownFileType = sourcecode.swift; path = Actor.swift; sourceTree = "<group>"; };
		9F7672CC226F0C1A00F7B671 /* ActorResults.swift */ = {isa = PBXFileReference; lastKnownFileType = sourcecode.swift; path = ActorResults.swift; sourceTree = "<group>"; };
		9FE967E4224CB73B005F39A7 /* FavoriteMovieModel.swift */ = {isa = PBXFileReference; lastKnownFileType = sourcecode.swift; path = FavoriteMovieModel.swift; sourceTree = "<group>"; };
		9FE967E6224CB7BC005F39A7 /* FavoriteMovieItem.swift */ = {isa = PBXFileReference; lastKnownFileType = sourcecode.swift; path = FavoriteMovieItem.swift; sourceTree = "<group>"; };
		E8BC404065D3ED348095F20B /* Pods-MovieApp.debug.xcconfig */ = {isa = PBXFileReference; includeInIndex = 1; lastKnownFileType = text.xcconfig; name = "Pods-MovieApp.debug.xcconfig"; path = "Target Support Files/Pods-MovieApp/Pods-MovieApp.debug.xcconfig"; sourceTree = "<group>"; };
/* End PBXFileReference section */

/* Begin PBXFrameworksBuildPhase section */
		9F603CBC2236C25700C6F73A /* Frameworks */ = {
			isa = PBXFrameworksBuildPhase;
			buildActionMask = 2147483647;
			files = (
				D2F3D6A76A4954D8322E86FD /* Pods_MovieApp.framework in Frameworks */,
			);
			runOnlyForDeploymentPostprocessing = 0;
		};
/* End PBXFrameworksBuildPhase section */

/* Begin PBXGroup section */
		4B49F10273DDE5F756502E08 /* Pods */ = {
			isa = PBXGroup;
			children = (
				E8BC404065D3ED348095F20B /* Pods-MovieApp.debug.xcconfig */,
				061A33886A5CB4B3172E840A /* Pods-MovieApp.release.xcconfig */,
			);
			path = Pods;
			sourceTree = "<group>";
		};
		531BAEC542EC47E688DE0380 /* Frameworks */ = {
			isa = PBXGroup;
			children = (
				724EBF299B11669D587A012D /* Pods_MovieApp.framework */,
			);
			name = Frameworks;
			sourceTree = "<group>";
		};
		9F603CB62236C25700C6F73A = {
			isa = PBXGroup;
			children = (
				9F610DE52240014100271003 /* Service */,
				9F610DEA224001CD00271003 /* Model */,
				9F603CC12236C25700C6F73A /* MovieApp */,
				9F603CC02236C25700C6F73A /* Products */,
				4B49F10273DDE5F756502E08 /* Pods */,
				531BAEC542EC47E688DE0380 /* Frameworks */,
			);
			sourceTree = "<group>";
		};
		9F603CC02236C25700C6F73A /* Products */ = {
			isa = PBXGroup;
			children = (
				9F603CBF2236C25700C6F73A /* MovieApp.app */,
			);
			name = Products;
			sourceTree = "<group>";
		};
		9F603CC12236C25700C6F73A /* MovieApp */ = {
			isa = PBXGroup;
			children = (
				9F603CC22236C25700C6F73A /* AppDelegate.swift */,
				9F603CC42236C25700C6F73A /* ViewController.swift */,
				9F603CC62236C25700C6F73A /* Main.storyboard */,
				9F610DE3223F9A8C00271003 /* ViewController2.swift */,
				9F603CD72236C49600C6F73A /* cell.swift */,
				9F603CD82236C49600C6F73A /* cell.xib */,
				9F603CCC2236C25800C6F73A /* Assets.xcassets */,
				9F603CCE2236C25800C6F73A /* LaunchScreen.storyboard */,
				9F603CD12236C25800C6F73A /* Info.plist */,
				9F603CC92236C25700C6F73A /* MovieApp.xcdatamodeld */,
			);
			path = MovieApp;
			sourceTree = "<group>";
		};
		9F610DE52240014100271003 /* Service */ = {
			isa = PBXGroup;
			children = (
				9F610DE62240018200271003 /* NetworkManager.swift */,
				9F610DE8224001AB00271003 /* TheMovieDB_API.swift */,
			);
			path = Service;
			sourceTree = "<group>";
		};
		9F610DEA224001CD00271003 /* Model */ = {
			isa = PBXGroup;
			children = (
				9F7672CC226F0C1A00F7B671 /* ActorResults.swift */,
				9FE967E4224CB73B005F39A7 /* FavoriteMovieModel.swift */,
				9F610DEB224001E900271003 /* Movie.swift */,
				9FE967E6224CB7BC005F39A7 /* FavoriteMovieItem.swift */,
				9F610DED2240020C00271003 /* Results.swift */,
				9F7672C8226F05FE00F7B671 /* Actor.swift */,
			);
			path = Model;
			sourceTree = "<group>";
		};
/* End PBXGroup section */

/* Begin PBXNativeTarget section */
		9F603CBE2236C25700C6F73A /* MovieApp */ = {
			isa = PBXNativeTarget;
			buildConfigurationList = 9F603CD42236C25800C6F73A /* Build configuration list for PBXNativeTarget "MovieApp" */;
			buildPhases = (
				3EBB96ED96ABA091EBC68064 /* [CP] Check Pods Manifest.lock */,
				9F603CBB2236C25700C6F73A /* Sources */,
				9F603CBC2236C25700C6F73A /* Frameworks */,
				9F603CBD2236C25700C6F73A /* Resources */,
				26562E500839270EB360AEB9 /* [CP] Embed Pods Frameworks */,
			);
			buildRules = (
			);
			dependencies = (
			);
			name = MovieApp;
			productName = MovieApp;
			productReference = 9F603CBF2236C25700C6F73A /* MovieApp.app */;
			productType = "com.apple.product-type.application";
		};
/* End PBXNativeTarget section */

/* Begin PBXProject section */
		9F603CB72236C25700C6F73A /* Project object */ = {
			isa = PBXProject;
			attributes = {
				LastSwiftUpdateCheck = 1010;
				LastUpgradeCheck = 1010;
				ORGANIZATIONNAME = "Nicolas Kalousek";
				TargetAttributes = {
					9F603CBE2236C25700C6F73A = {
						CreatedOnToolsVersion = 10.1;
					};
				};
			};
			buildConfigurationList = 9F603CBA2236C25700C6F73A /* Build configuration list for PBXProject "MovieApp" */;
			compatibilityVersion = "Xcode 9.3";
			developmentRegion = en;
			hasScannedForEncodings = 0;
			knownRegions = (
				en,
				Base,
			);
			mainGroup = 9F603CB62236C25700C6F73A;
			productRefGroup = 9F603CC02236C25700C6F73A /* Products */;
			projectDirPath = "";
			projectRoot = "";
			targets = (
				9F603CBE2236C25700C6F73A /* MovieApp */,
			);
		};
/* End PBXProject section */

/* Begin PBXResourcesBuildPhase section */
		9F603CBD2236C25700C6F73A /* Resources */ = {
			isa = PBXResourcesBuildPhase;
			buildActionMask = 2147483647;
			files = (
				9F603CD02236C25800C6F73A /* LaunchScreen.storyboard in Resources */,
				9F603CDA2236C49600C6F73A /* cell.xib in Resources */,
				9F603CCD2236C25800C6F73A /* Assets.xcassets in Resources */,
				9F603CC82236C25700C6F73A /* Main.storyboard in Resources */,
			);
			runOnlyForDeploymentPostprocessing = 0;
		};
/* End PBXResourcesBuildPhase section */

/* Begin PBXShellScriptBuildPhase section */
		26562E500839270EB360AEB9 /* [CP] Embed Pods Frameworks */ = {
			isa = PBXShellScriptBuildPhase;
			buildActionMask = 2147483647;
			files = (
			);
			inputFileListPaths = (
			);
			inputPaths = (
				"${PODS_ROOT}/Target Support Files/Pods-MovieApp/Pods-MovieApp-frameworks.sh",
				"${BUILT_PRODUCTS_DIR}/Alamofire/Alamofire.framework",
				"${BUILT_PRODUCTS_DIR}/Kingfisher/Kingfisher.framework",
				"${BUILT_PRODUCTS_DIR}/Moya/Moya.framework",
				"${BUILT_PRODUCTS_DIR}/Realm/Realm.framework",
				"${BUILT_PRODUCTS_DIR}/RealmSwift/RealmSwift.framework",
				"${BUILT_PRODUCTS_DIR}/Result/Result.framework",
			);
			name = "[CP] Embed Pods Frameworks";
			outputFileListPaths = (
			);
			outputPaths = (
				"${TARGET_BUILD_DIR}/${FRAMEWORKS_FOLDER_PATH}/Alamofire.framework",
				"${TARGET_BUILD_DIR}/${FRAMEWORKS_FOLDER_PATH}/Kingfisher.framework",
				"${TARGET_BUILD_DIR}/${FRAMEWORKS_FOLDER_PATH}/Moya.framework",
				"${TARGET_BUILD_DIR}/${FRAMEWORKS_FOLDER_PATH}/Realm.framework",
				"${TARGET_BUILD_DIR}/${FRAMEWORKS_FOLDER_PATH}/RealmSwift.framework",
				"${TARGET_BUILD_DIR}/${FRAMEWORKS_FOLDER_PATH}/Result.framework",
			);
			runOnlyForDeploymentPostprocessing = 0;
			shellPath = /bin/sh;
			shellScript = "\"${PODS_ROOT}/Target Support Files/Pods-MovieApp/Pods-MovieApp-frameworks.sh\"\n";
			showEnvVarsInLog = 0;
		};
		3EBB96ED96ABA091EBC68064 /* [CP] Check Pods Manifest.lock */ = {
			isa = PBXShellScriptBuildPhase;
			buildActionMask = 2147483647;
			files = (
			);
			inputFileListPaths = (
			);
			inputPaths = (
				"${PODS_PODFILE_DIR_PATH}/Podfile.lock",
				"${PODS_ROOT}/Manifest.lock",
			);
			name = "[CP] Check Pods Manifest.lock";
			outputFileListPaths = (
			);
			outputPaths = (
				"$(DERIVED_FILE_DIR)/Pods-MovieApp-checkManifestLockResult.txt",
			);
			runOnlyForDeploymentPostprocessing = 0;
			shellPath = /bin/sh;
			shellScript = "diff \"${PODS_PODFILE_DIR_PATH}/Podfile.lock\" \"${PODS_ROOT}/Manifest.lock\" > /dev/null\nif [ $? != 0 ] ; then\n    # print error to STDERR\n    echo \"error: The sandbox is not in sync with the Podfile.lock. Run 'pod install' or update your CocoaPods installation.\" >&2\n    exit 1\nfi\n# This output is used by Xcode 'outputs' to avoid re-running this script phase.\necho \"SUCCESS\" > \"${SCRIPT_OUTPUT_FILE_0}\"\n";
			showEnvVarsInLog = 0;
		};
/* End PBXShellScriptBuildPhase section */

/* Begin PBXSourcesBuildPhase section */
		9F603CBB2236C25700C6F73A /* Sources */ = {
			isa = PBXSourcesBuildPhase;
			buildActionMask = 2147483647;
			files = (
				9F610DE72240018200271003 /* NetworkManager.swift in Sources */,
				9F610DE4223F9A8C00271003 /* ViewController2.swift in Sources */,
				9FE967E7224CB7BC005F39A7 /* FavoriteMovieItem.swift in Sources */,
				9F7672C9226F05FE00F7B671 /* Actor.swift in Sources */,
				9FE967E5224CB73B005F39A7 /* FavoriteMovieModel.swift in Sources */,
				9F603CC52236C25700C6F73A /* ViewController.swift in Sources */,
				9F603CD92236C49600C6F73A /* cell.swift in Sources */,
				9F610DE9224001AB00271003 /* TheMovieDB_API.swift in Sources */,
				9F7672CD226F0C1A00F7B671 /* ActorResults.swift in Sources */,
				9F603CC32236C25700C6F73A /* AppDelegate.swift in Sources */,
				9F610DEE2240020C00271003 /* Results.swift in Sources */,
				9F610DEC224001E900271003 /* Movie.swift in Sources */,
				9F603CCB2236C25700C6F73A /* MovieApp.xcdatamodeld in Sources */,
			);
			runOnlyForDeploymentPostprocessing = 0;
		};
/* End PBXSourcesBuildPhase section */

/* Begin PBXVariantGroup section */
		9F603CC62236C25700C6F73A /* Main.storyboard */ = {
			isa = PBXVariantGroup;
			children = (
				9F603CC72236C25700C6F73A /* Base */,
			);
			name = Main.storyboard;
			sourceTree = "<group>";
		};
		9F603CCE2236C25800C6F73A /* LaunchScreen.storyboard */ = {
			isa = PBXVariantGroup;
			children = (
				9F603CCF2236C25800C6F73A /* Base */,
			);
			name = LaunchScreen.storyboard;
			sourceTree = "<group>";
		};
/* End PBXVariantGroup section */

/* Begin XCBuildConfiguration section */
		9F603CD22236C25800C6F73A /* Debug */ = {
			isa = XCBuildConfiguration;
			buildSettings = {
				ALWAYS_SEARCH_USER_PATHS = NO;
				CLANG_ANALYZER_NONNULL = YES;
				CLANG_ANALYZER_NUMBER_OBJECT_CONVERSION = YES_AGGRESSIVE;
				CLANG_CXX_LANGUAGE_STANDARD = "gnu++14";
				CLANG_CXX_LIBRARY = "libc++";
				CLANG_ENABLE_MODULES = YES;
				CLANG_ENABLE_OBJC_ARC = YES;
				CLANG_ENABLE_OBJC_WEAK = YES;
				CLANG_WARN_BLOCK_CAPTURE_AUTORELEASING = YES;
				CLANG_WARN_BOOL_CONVERSION = YES;
				CLANG_WARN_COMMA = YES;
				CLANG_WARN_CONSTANT_CONVERSION = YES;
				CLANG_WARN_DEPRECATED_OBJC_IMPLEMENTATIONS = YES;
				CLANG_WARN_DIRECT_OBJC_ISA_USAGE = YES_ERROR;
				CLANG_WARN_DOCUMENTATION_COMMENTS = YES;
				CLANG_WARN_EMPTY_BODY = YES;
				CLANG_WARN_ENUM_CONVERSION = YES;
				CLANG_WARN_INFINITE_RECURSION = YES;
				CLANG_WARN_INT_CONVERSION = YES;
				CLANG_WARN_NON_LITERAL_NULL_CONVERSION = YES;
				CLANG_WARN_OBJC_IMPLICIT_RETAIN_SELF = YES;
				CLANG_WARN_OBJC_LITERAL_CONVERSION = YES;
				CLANG_WARN_OBJC_ROOT_CLASS = YES_ERROR;
				CLANG_WARN_RANGE_LOOP_ANALYSIS = YES;
				CLANG_WARN_STRICT_PROTOTYPES = YES;
				CLANG_WARN_SUSPICIOUS_MOVE = YES;
				CLANG_WARN_UNGUARDED_AVAILABILITY = YES_AGGRESSIVE;
				CLANG_WARN_UNREACHABLE_CODE = YES;
				CLANG_WARN__DUPLICATE_METHOD_MATCH = YES;
				CODE_SIGN_IDENTITY = "iPhone Developer";
				COPY_PHASE_STRIP = NO;
				DEBUG_INFORMATION_FORMAT = dwarf;
				ENABLE_STRICT_OBJC_MSGSEND = YES;
				ENABLE_TESTABILITY = YES;
				GCC_C_LANGUAGE_STANDARD = gnu11;
				GCC_DYNAMIC_NO_PIC = NO;
				GCC_NO_COMMON_BLOCKS = YES;
				GCC_OPTIMIZATION_LEVEL = 0;
				GCC_PREPROCESSOR_DEFINITIONS = (
					"DEBUG=1",
					"$(inherited)",
				);
				GCC_WARN_64_TO_32_BIT_CONVERSION = YES;
				GCC_WARN_ABOUT_RETURN_TYPE = YES_ERROR;
				GCC_WARN_UNDECLARED_SELECTOR = YES;
				GCC_WARN_UNINITIALIZED_AUTOS = YES_AGGRESSIVE;
				GCC_WARN_UNUSED_FUNCTION = YES;
				GCC_WARN_UNUSED_VARIABLE = YES;
				IPHONEOS_DEPLOYMENT_TARGET = 12.1;
				MTL_ENABLE_DEBUG_INFO = INCLUDE_SOURCE;
				MTL_FAST_MATH = YES;
				ONLY_ACTIVE_ARCH = YES;
				SDKROOT = iphoneos;
				SWIFT_ACTIVE_COMPILATION_CONDITIONS = DEBUG;
				SWIFT_OPTIMIZATION_LEVEL = "-Onone";
			};
			name = Debug;
		};
		9F603CD32236C25800C6F73A /* Release */ = {
			isa = XCBuildConfiguration;
			buildSettings = {
				ALWAYS_SEARCH_USER_PATHS = NO;
				CLANG_ANALYZER_NONNULL = YES;
				CLANG_ANALYZER_NUMBER_OBJECT_CONVERSION = YES_AGGRESSIVE;
				CLANG_CXX_LANGUAGE_STANDARD = "gnu++14";
				CLANG_CXX_LIBRARY = "libc++";
				CLANG_ENABLE_MODULES = YES;
				CLANG_ENABLE_OBJC_ARC = YES;
				CLANG_ENABLE_OBJC_WEAK = YES;
				CLANG_WARN_BLOCK_CAPTURE_AUTORELEASING = YES;
				CLANG_WARN_BOOL_CONVERSION = YES;
				CLANG_WARN_COMMA = YES;
				CLANG_WARN_CONSTANT_CONVERSION = YES;
				CLANG_WARN_DEPRECATED_OBJC_IMPLEMENTATIONS = YES;
				CLANG_WARN_DIRECT_OBJC_ISA_USAGE = YES_ERROR;
				CLANG_WARN_DOCUMENTATION_COMMENTS = YES;
				CLANG_WARN_EMPTY_BODY = YES;
				CLANG_WARN_ENUM_CONVERSION = YES;
				CLANG_WARN_INFINITE_RECURSION = YES;
				CLANG_WARN_INT_CONVERSION = YES;
				CLANG_WARN_NON_LITERAL_NULL_CONVERSION = YES;
				CLANG_WARN_OBJC_IMPLICIT_RETAIN_SELF = YES;
				CLANG_WARN_OBJC_LITERAL_CONVERSION = YES;
				CLANG_WARN_OBJC_ROOT_CLASS = YES_ERROR;
				CLANG_WARN_RANGE_LOOP_ANALYSIS = YES;
				CLANG_WARN_STRICT_PROTOTYPES = YES;
				CLANG_WARN_SUSPICIOUS_MOVE = YES;
				CLANG_WARN_UNGUARDED_AVAILABILITY = YES_AGGRESSIVE;
				CLANG_WARN_UNREACHABLE_CODE = YES;
				CLANG_WARN__DUPLICATE_METHOD_MATCH = YES;
				CODE_SIGN_IDENTITY = "iPhone Developer";
				COPY_PHASE_STRIP = NO;
				DEBUG_INFORMATION_FORMAT = "dwarf-with-dsym";
				ENABLE_NS_ASSERTIONS = NO;
				ENABLE_STRICT_OBJC_MSGSEND = YES;
				GCC_C_LANGUAGE_STANDARD = gnu11;
				GCC_NO_COMMON_BLOCKS = YES;
				GCC_WARN_64_TO_32_BIT_CONVERSION = YES;
				GCC_WARN_ABOUT_RETURN_TYPE = YES_ERROR;
				GCC_WARN_UNDECLARED_SELECTOR = YES;
				GCC_WARN_UNINITIALIZED_AUTOS = YES_AGGRESSIVE;
				GCC_WARN_UNUSED_FUNCTION = YES;
				GCC_WARN_UNUSED_VARIABLE = YES;
				IPHONEOS_DEPLOYMENT_TARGET = 12.1;
				MTL_ENABLE_DEBUG_INFO = NO;
				MTL_FAST_MATH = YES;
				SDKROOT = iphoneos;
				SWIFT_COMPILATION_MODE = wholemodule;
				SWIFT_OPTIMIZATION_LEVEL = "-O";
				VALIDATE_PRODUCT = YES;
			};
			name = Release;
		};
		9F603CD52236C25800C6F73A /* Debug */ = {
			isa = XCBuildConfiguration;
			baseConfigurationReference = E8BC404065D3ED348095F20B /* Pods-MovieApp.debug.xcconfig */;
			buildSettings = {
				ASSETCATALOG_COMPILER_APPICON_NAME = AppIcon;
				CODE_SIGN_STYLE = Automatic;
				DEVELOPMENT_TEAM = GE7W3K472X;
				INFOPLIST_FILE = MovieApp/Info.plist;
				IPHONEOS_DEPLOYMENT_TARGET = 12.2;
				LD_RUNPATH_SEARCH_PATHS = (
					"$(inherited)",
					"@executable_path/Frameworks",
				);
				PRODUCT_BUNDLE_IDENTIFIER = ch.fhnw.mobileworkshop.MovieApp.nka;
				PRODUCT_NAME = "$(TARGET_NAME)";
				SWIFT_VERSION = 5.0;
				TARGETED_DEVICE_FAMILY = "1,2";
			};
			name = Debug;
		};
		9F603CD62236C25800C6F73A /* Release */ = {
			isa = XCBuildConfiguration;
			baseConfigurationReference = 061A33886A5CB4B3172E840A /* Pods-MovieApp.release.xcconfig */;
			buildSettings = {
				ASSETCATALOG_COMPILER_APPICON_NAME = AppIcon;
				CODE_SIGN_STYLE = Automatic;
				DEVELOPMENT_TEAM = GE7W3K472X;
				INFOPLIST_FILE = MovieApp/Info.plist;
				IPHONEOS_DEPLOYMENT_TARGET = 12.2;
				LD_RUNPATH_SEARCH_PATHS = (
					"$(inherited)",
					"@executable_path/Frameworks",
				);
				PRODUCT_BUNDLE_IDENTIFIER = ch.fhnw.mobileworkshop.MovieApp.nka;
				PRODUCT_NAME = "$(TARGET_NAME)";
				SWIFT_VERSION = 5.0;
				TARGETED_DEVICE_FAMILY = "1,2";
			};
			name = Release;
		};
/* End XCBuildConfiguration section */

/* Begin XCConfigurationList section */
		9F603CBA2236C25700C6F73A /* Build configuration list for PBXProject "MovieApp" */ = {
			isa = XCConfigurationList;
			buildConfigurations = (
				9F603CD22236C25800C6F73A /* Debug */,
				9F603CD32236C25800C6F73A /* Release */,
			);
			defaultConfigurationIsVisible = 0;
			defaultConfigurationName = Release;
		};
		9F603CD42236C25800C6F73A /* Build configuration list for PBXNativeTarget "MovieApp" */ = {
			isa = XCConfigurationList;
			buildConfigurations = (
				9F603CD52236C25800C6F73A /* Debug */,
				9F603CD62236C25800C6F73A /* Release */,
			);
			defaultConfigurationIsVisible = 0;
			defaultConfigurationName = Release;
		};
/* End XCConfigurationList section */

/* Begin XCVersionGroup section */
		9F603CC92236C25700C6F73A /* MovieApp.xcdatamodeld */ = {
			isa = XCVersionGroup;
			children = (
				9F603CCA2236C25700C6F73A /* MovieApp.xcdatamodel */,
			);
			currentVersion = 9F603CCA2236C25700C6F73A /* MovieApp.xcdatamodel */;
			path = MovieApp.xcdatamodeld;
			sourceTree = "<group>";
			versionGroupType = wrapper.xcdatamodel;
		};
/* End XCVersionGroup section */
	};
	rootObject = 9F603CB72236C25700C6F73A /* Project object */;
}
